
Microsoft Visual Studio Solution File, Format Version 12.00
# Visual Studio Version 16
VisualStudioVersion = 16.0.33423.256
MinimumVisualStudioVersion = 10.0.40219.1
Project("{FAE04EC0-301F-11D3-BF4B-00C04F79EFBC}") = "TestApp", "TestApp\TestApp.csproj", "{974B381D-EF81-4C38-A545-8FD8C8061E07}"
EndProject
Global
	GlobalSection(SolutionConfigurationPlatforms) = preSolution
		Debug|Any CPU = Debug|Any CPU
		Release|Any CPU = Release|Any CPU
	EndGlobalSection
	GlobalSection(ProjectConfigurationPlatforms) = postSolution
		{974B381D-EF81-4C38-A545-8FD8C8061E07}.Debug|Any CPU.ActiveCfg = Debug|Any CPU
		{974B381D-EF81-4C38-A545-8FD8C8061E07}.Debug|Any CPU.Build.0 = Debug|Any CPU
		{974B381D-EF81-4C38-A545-8FD8C8061E07}.Release|Any CPU.ActiveCfg = Release|Any CPU
		{974B381D-EF81-4C38-A545-8FD8C8061E07}.Release|Any CPU.Build.0 = Release|Any CPU
	EndGlobalSection
	GlobalSection(SolutionProperties) = preSolution
		HideSolutionNode = FALSE
	EndGlobalSection
	GlobalSection(ExtensibilityGlobals) = postSolution
		SolutionGuid = {4FCD539D-A603-402B-9F75-D22CEB46DABB}
	EndGlobalSection
EndGlobal
